
Microsoft Visual Studio Solution File, Format Version 12.00
# Visual Studio Version 17
VisualStudioVersion = 17.13.35825.156 d17.13
MinimumVisualStudioVersion = 10.0.40219.1
Project("{FAE04EC0-301F-11D3-BF4B-00C04F79EFBC}") = "InternalPubSub", "InternalPubSub\InternalPubSub.csproj", "{0DBB241F-FEF8-4B3D-8523-EB509E7B9629}"
EndProject
Global
	GlobalSection(SolutionConfigurationPlatforms) = preSolution
		Debug|Any CPU = Debug|Any CPU
		Release|Any CPU = Release|Any CPU
	EndGlobalSection
	GlobalSection(ProjectConfigurationPlatforms) = postSolution
		{0DBB241F-FEF8-4B3D-8523-EB509E7B9629}.Debug|Any CPU.ActiveCfg = Debug|Any CPU
		{0DBB241F-FEF8-4B3D-8523-EB509E7B9629}.Debug|Any CPU.Build.0 = Debug|Any CPU
		{0DBB241F-FEF8-4B3D-8523-EB509E7B9629}.Release|Any CPU.ActiveCfg = Release|Any CPU
		{0DBB241F-FEF8-4B3D-8523-EB509E7B9629}.Release|Any CPU.Build.0 = Release|Any CPU
	EndGlobalSection
	GlobalSection(SolutionProperties) = preSolution
		HideSolutionNode = FALSE
	EndGlobalSection
	GlobalSection(ExtensibilityGlobals) = postSolution
		SolutionGuid = {F62B49F0-8B0B-41F2-92EA-F0F58C4D14FA}
	EndGlobalSection
EndGlobal
